
Microsoft Visual Studio Solution File, Format Version 11.00
# Visual Studio 2010
Project("{FAE04EC0-301F-11D3-BF4B-00C04F79EFBC}") = "MediaScoutGUI", "MediaScout\MediaScoutGUI.csproj", "{1908AB02-C107-4973-B793-1B446B925956}"
EndProject
Project("{FAE04EC0-301F-11D3-BF4B-00C04F79EFBC}") = "MediaScout", "MediaScoutLibrary\MediaScout.csproj", "{B4F9E059-3AB2-4ECD-9818-E64A1DBB56C8}"
EndProject
Project("{FAE04EC0-301F-11D3-BF4B-00C04F79EFBC}") = "SplitButton", "SplitButton\SplitButton.csproj", "{A75FA431-B3D7-4AC6-8033-CDE76FA98C97}"
EndProject
Project("{FAE04EC0-301F-11D3-BF4B-00C04F79EFBC}") = "MediaScout.TheMovieDB", "MediaScout.TheMovieDB\MediaScout.TheMovieDB.csproj", "{73DBCA18-2F88-4FAB-B48B-6E52950504DD}"
EndProject
Project("{FAE04EC0-301F-11D3-BF4B-00C04F79EFBC}") = "MediaScout.EpGuides", "MediaScout.EpGuides\MediaScout.EpGuides.csproj", "{FB7F9536-7B78-4789-AD69-8D6FADDC85E4}"
EndProject
Project("{FAE04EC0-301F-11D3-BF4B-00C04F79EFBC}") = "MediaScout.TVRage", "MediaScout.TVRage\MediaScout.TVRage.csproj", "{C118D76A-6301-48DB-BEF5-D570420A013F}"
EndProject
Project("{FAE04EC0-301F-11D3-BF4B-00C04F79EFBC}") = "MediaScout.TheTVDB", "MediaScout.TheTVDB\MediaScout.TheTVDB.csproj", "{0C807CB2-F60F-40D2-901B-799AEEBF0E05}"
EndProject
Global
	GlobalSection(TeamFoundationVersionControl) = preSolution
		SccNumberOfProjects = 8
		SccEnterpriseProvider = {4CA58AB2-18FA-4F8D-95D4-32DDF27D184C}
		SccTeamFoundationServer = https://tfs07.codeplex.com/
		SccLocalPath0 = .
		SccProjectUniqueName1 = MediaScout\\MediaScoutGUI.csproj
		SccProjectName1 = MediaScout
		SccLocalPath1 = MediaScout
		SccProjectUniqueName2 = MediaScoutLibrary\\MediaScout.csproj
		SccProjectName2 = MediaScoutLibrary
		SccLocalPath2 = MediaScoutLibrary
		SccProjectUniqueName3 = MediaScout.TheMovieDB\\MediaScout.TheMovieDB.csproj
		SccProjectName3 = MediaScout.TheMovieDB
		SccLocalPath3 = MediaScout.TheMovieDB
		SccProjectUniqueName4 = MediaScout.EpGuides\\MediaScout.EpGuides.csproj
		SccProjectName4 = MediaScout.EpGuides
		SccLocalPath4 = MediaScout.EpGuides
		SccProjectUniqueName5 = SplitButton\\SplitButton.csproj
		SccProjectName5 = SplitButton
		SccLocalPath5 = SplitButton
		SccProjectUniqueName6 = MediaScout.TVRage\\MediaScout.TVRage.csproj
		SccProjectName6 = MediaScout.TVRage
		SccLocalPath6 = MediaScout.TVRage
		SccProjectUniqueName7 = MediaScout.TheTVDB\\MediaScout.TheTVDB.csproj
		SccProjectName7 = MediaScout.TheTVDB
		SccLocalPath7 = MediaScout.TheTVDB
	EndGlobalSection
	GlobalSection(SolutionConfigurationPlatforms) = preSolution
		Debug|Any CPU = Debug|Any CPU
		Release|Any CPU = Release|Any CPU
	EndGlobalSection
	GlobalSection(ProjectConfigurationPlatforms) = postSolution
		{1908AB02-C107-4973-B793-1B446B925956}.Debug|Any CPU.ActiveCfg = Debug|Any CPU
		{1908AB02-C107-4973-B793-1B446B925956}.Debug|Any CPU.Build.0 = Debug|Any CPU
		{1908AB02-C107-4973-B793-1B446B925956}.Release|Any CPU.ActiveCfg = Release|Any CPU
		{1908AB02-C107-4973-B793-1B446B925956}.Release|Any CPU.Build.0 = Release|Any CPU
		{B4F9E059-3AB2-4ECD-9818-E64A1DBB56C8}.Debug|Any CPU.ActiveCfg = Debug|Any CPU
		{B4F9E059-3AB2-4ECD-9818-E64A1DBB56C8}.Debug|Any CPU.Build.0 = Debug|Any CPU
		{B4F9E059-3AB2-4ECD-9818-E64A1DBB56C8}.Release|Any CPU.ActiveCfg = Release|Any CPU
		{B4F9E059-3AB2-4ECD-9818-E64A1DBB56C8}.Release|Any CPU.Build.0 = Release|Any CPU
		{A75FA431-B3D7-4AC6-8033-CDE76FA98C97}.Debug|Any CPU.ActiveCfg = Debug|Any CPU
		{A75FA431-B3D7-4AC6-8033-CDE76FA98C97}.Debug|Any CPU.Build.0 = Debug|Any CPU
		{A75FA431-B3D7-4AC6-8033-CDE76FA98C97}.Release|Any CPU.ActiveCfg = Release|Any CPU
		{A75FA431-B3D7-4AC6-8033-CDE76FA98C97}.Release|Any CPU.Build.0 = Release|Any CPU
		{73DBCA18-2F88-4FAB-B48B-6E52950504DD}.Debug|Any CPU.ActiveCfg = Debug|Any CPU
		{73DBCA18-2F88-4FAB-B48B-6E52950504DD}.Debug|Any CPU.Build.0 = Debug|Any CPU
		{73DBCA18-2F88-4FAB-B48B-6E52950504DD}.Release|Any CPU.ActiveCfg = Release|Any CPU
		{73DBCA18-2F88-4FAB-B48B-6E52950504DD}.Release|Any CPU.Build.0 = Release|Any CPU
		{FB7F9536-7B78-4789-AD69-8D6FADDC85E4}.Debug|Any CPU.ActiveCfg = Debug|Any CPU
		{FB7F9536-7B78-4789-AD69-8D6FADDC85E4}.Debug|Any CPU.Build.0 = Debug|Any CPU
		{FB7F9536-7B78-4789-AD69-8D6FADDC85E4}.Release|Any CPU.ActiveCfg = Release|Any CPU
		{FB7F9536-7B78-4789-AD69-8D6FADDC85E4}.Release|Any CPU.Build.0 = Release|Any CPU
		{C118D76A-6301-48DB-BEF5-D570420A013F}.Debug|Any CPU.ActiveCfg = Debug|Any CPU
		{C118D76A-6301-48DB-BEF5-D570420A013F}.Debug|Any CPU.Build.0 = Debug|Any CPU
		{C118D76A-6301-48DB-BEF5-D570420A013F}.Release|Any CPU.ActiveCfg = Release|Any CPU
		{C118D76A-6301-48DB-BEF5-D570420A013F}.Release|Any CPU.Build.0 = Release|Any CPU
		{0C807CB2-F60F-40D2-901B-799AEEBF0E05}.Debug|Any CPU.ActiveCfg = Debug|Any CPU
		{0C807CB2-F60F-40D2-901B-799AEEBF0E05}.Debug|Any CPU.Build.0 = Debug|Any CPU
		{0C807CB2-F60F-40D2-901B-799AEEBF0E05}.Release|Any CPU.ActiveCfg = Release|Any CPU
		{0C807CB2-F60F-40D2-901B-799AEEBF0E05}.Release|Any CPU.Build.0 = Release|Any CPU
	EndGlobalSection
	GlobalSection(SolutionProperties) = preSolution
		HideSolutionNode = FALSE
	EndGlobalSection
EndGlobal
