
Microsoft Visual Studio Solution File, Format Version 11.00
# Visual Studio 2010
Project("{FAE04EC0-301F-11D3-BF4B-00C04F79EFBC}") = "MediaScoutGUI", "MediaScout\MediaScoutGUI.csproj", "{1908AB02-C107-4973-B793-1B446B925956}"
EndProject
Project("{FAE04EC0-301F-11D3-BF4B-00C04F79EFBC}") = "MediaScout", "MediaScoutLibrary\MediaScout.csproj", "{B4F9E059-3AB2-4ECD-9818-E64A1DBB56C8}"
EndProject
Project("{54435603-DBB4-11D2-8724-00A0C9A8B90C}") = "MediaScoutSetup", "MediaScoutSetup\MediaScoutSetup.vdproj", "{B10B9558-8410-4D7D-B154-B89D40E59B20}"
EndProject
Global
	GlobalSection(SolutionConfigurationPlatforms) = preSolution
		Debug|Any CPU = Debug|Any CPU
		Debug|Mixed Platforms = Debug|Mixed Platforms
		Debug|x86 = Debug|x86
		Release|Any CPU = Release|Any CPU
		Release|Mixed Platforms = Release|Mixed Platforms
		Release|x86 = Release|x86
	EndGlobalSection
	GlobalSection(ProjectConfigurationPlatforms) = postSolution
		{1908AB02-C107-4973-B793-1B446B925956}.Debug|Any CPU.ActiveCfg = Debug|Any CPU
		{1908AB02-C107-4973-B793-1B446B925956}.Debug|Any CPU.Build.0 = Debug|Any CPU
		{1908AB02-C107-4973-B793-1B446B925956}.Debug|Mixed Platforms.ActiveCfg = Debug|Any CPU
		{1908AB02-C107-4973-B793-1B446B925956}.Debug|Mixed Platforms.Build.0 = Debug|Any CPU
		{1908AB02-C107-4973-B793-1B446B925956}.Debug|x86.ActiveCfg = Debug|Any CPU
		{1908AB02-C107-4973-B793-1B446B925956}.Release|Any CPU.ActiveCfg = Release|Any CPU
		{1908AB02-C107-4973-B793-1B446B925956}.Release|Any CPU.Build.0 = Release|Any CPU
		{1908AB02-C107-4973-B793-1B446B925956}.Release|Mixed Platforms.ActiveCfg = Release|Any CPU
		{1908AB02-C107-4973-B793-1B446B925956}.Release|Mixed Platforms.Build.0 = Release|Any CPU
		{1908AB02-C107-4973-B793-1B446B925956}.Release|x86.ActiveCfg = Release|Any CPU
		{B4F9E059-3AB2-4ECD-9818-E64A1DBB56C8}.Debug|Any CPU.ActiveCfg = Debug|Any CPU
		{B4F9E059-3AB2-4ECD-9818-E64A1DBB56C8}.Debug|Any CPU.Build.0 = Debug|Any CPU
		{B4F9E059-3AB2-4ECD-9818-E64A1DBB56C8}.Debug|Mixed Platforms.ActiveCfg = Debug|Any CPU
		{B4F9E059-3AB2-4ECD-9818-E64A1DBB56C8}.Debug|Mixed Platforms.Build.0 = Debug|Any CPU
		{B4F9E059-3AB2-4ECD-9818-E64A1DBB56C8}.Debug|x86.ActiveCfg = Debug|Any CPU
		{B4F9E059-3AB2-4ECD-9818-E64A1DBB56C8}.Release|Any CPU.ActiveCfg = Release|Any CPU
		{B4F9E059-3AB2-4ECD-9818-E64A1DBB56C8}.Release|Any CPU.Build.0 = Release|Any CPU
		{B4F9E059-3AB2-4ECD-9818-E64A1DBB56C8}.Release|Mixed Platforms.ActiveCfg = Release|Any CPU
		{B4F9E059-3AB2-4ECD-9818-E64A1DBB56C8}.Release|Mixed Platforms.Build.0 = Release|Any CPU
		{B4F9E059-3AB2-4ECD-9818-E64A1DBB56C8}.Release|x86.ActiveCfg = Release|Any CPU
		{B10B9558-8410-4D7D-B154-B89D40E59B20}.Debug|Any CPU.ActiveCfg = Debug
		{B10B9558-8410-4D7D-B154-B89D40E59B20}.Debug|Mixed Platforms.ActiveCfg = Debug
		{B10B9558-8410-4D7D-B154-B89D40E59B20}.Debug|x86.ActiveCfg = Debug
		{B10B9558-8410-4D7D-B154-B89D40E59B20}.Release|Any CPU.ActiveCfg = Release
		{B10B9558-8410-4D7D-B154-B89D40E59B20}.Release|Mixed Platforms.ActiveCfg = Release
		{B10B9558-8410-4D7D-B154-B89D40E59B20}.Release|x86.ActiveCfg = Release
	EndGlobalSection
	GlobalSection(SolutionProperties) = preSolution
		HideSolutionNode = FALSE
	EndGlobalSection
EndGlobal
