
Microsoft Visual Studio Solution File, Format Version 12.00
# Visual Studio 14
VisualStudioVersion = 14.0.23107.0
MinimumVisualStudioVersion = 10.0.40219.1
Project("{FAE04EC0-301F-11D3-BF4B-00C04F79EFBC}") = "MediaScout", "MediaScout\MediaScout.csproj", "{49EF9464-203C-4204-B6F7-6DD7B54275C8}"
EndProject
Project("{FAE04EC0-301F-11D3-BF4B-00C04F79EFBC}") = "ImdbServices", "ImdbServices\ImdbServices.csproj", "{BB36652E-ADE8-489D-AC33-88C49108C313}"
EndProject
Project("{FAE04EC0-301F-11D3-BF4B-00C04F79EFBC}") = "MediaScoutGUI", "MediaScoutGUI\MediaScoutGUI.csproj", "{B0CD99A0-5A15-4F27-8A69-96262B432025}"
EndProject
Global
	GlobalSection(SolutionConfigurationPlatforms) = preSolution
		Debug|Any CPU = Debug|Any CPU
		Release|Any CPU = Release|Any CPU
	EndGlobalSection
	GlobalSection(ProjectConfigurationPlatforms) = postSolution
		{49EF9464-203C-4204-B6F7-6DD7B54275C8}.Debug|Any CPU.ActiveCfg = Debug|Any CPU
		{49EF9464-203C-4204-B6F7-6DD7B54275C8}.Debug|Any CPU.Build.0 = Debug|Any CPU
		{49EF9464-203C-4204-B6F7-6DD7B54275C8}.Release|Any CPU.ActiveCfg = Release|Any CPU
		{49EF9464-203C-4204-B6F7-6DD7B54275C8}.Release|Any CPU.Build.0 = Release|Any CPU
		{BB36652E-ADE8-489D-AC33-88C49108C313}.Debug|Any CPU.ActiveCfg = Debug|Any CPU
		{BB36652E-ADE8-489D-AC33-88C49108C313}.Debug|Any CPU.Build.0 = Debug|Any CPU
		{BB36652E-ADE8-489D-AC33-88C49108C313}.Release|Any CPU.ActiveCfg = Release|Any CPU
		{BB36652E-ADE8-489D-AC33-88C49108C313}.Release|Any CPU.Build.0 = Release|Any CPU
		{B0CD99A0-5A15-4F27-8A69-96262B432025}.Debug|Any CPU.ActiveCfg = Debug|Any CPU
		{B0CD99A0-5A15-4F27-8A69-96262B432025}.Debug|Any CPU.Build.0 = Debug|Any CPU
		{B0CD99A0-5A15-4F27-8A69-96262B432025}.Release|Any CPU.ActiveCfg = Release|Any CPU
		{B0CD99A0-5A15-4F27-8A69-96262B432025}.Release|Any CPU.Build.0 = Release|Any CPU
	EndGlobalSection
	GlobalSection(SolutionProperties) = preSolution
		HideSolutionNode = FALSE
	EndGlobalSection
EndGlobal
